// !$*UTF8*$!
{
	archiveVersion = 1;
	classes = {
	};
	objectVersion = 50;
	objects = {

/* Begin PBXBuildFile section */
		9953D6E72298614600ED6AFC /* AppDelegate.swift in Sources */ = {isa = PBXBuildFile; fileRef = 9953D6E62298614600ED6AFC /* AppDelegate.swift */; };
		9953D6EC2298614600ED6AFC /* Main.storyboard in Resources */ = {isa = PBXBuildFile; fileRef = 9953D6EA2298614600ED6AFC /* Main.storyboard */; };
		9953D6EE2298615000ED6AFC /* Assets.xcassets in Resources */ = {isa = PBXBuildFile; fileRef = 9953D6ED2298615000ED6AFC /* Assets.xcassets */; };
		9953D6F12298615000ED6AFC /* LaunchScreen.storyboard in Resources */ = {isa = PBXBuildFile; fileRef = 9953D6EF2298615000ED6AFC /* LaunchScreen.storyboard */; };
		99668CA822988F2700EC8060 /* CityListVC.swift in Sources */ = {isa = PBXBuildFile; fileRef = 99668CA722988F2700EC8060 /* CityListVC.swift */; };
		99668CAA2298920300EC8060 /* CityListCell.swift in Sources */ = {isa = PBXBuildFile; fileRef = 99668CA92298920300EC8060 /* CityListCell.swift */; };
		99668CAC22989E6F00EC8060 /* CityList.swift in Sources */ = {isa = PBXBuildFile; fileRef = 99668CAB22989E6F00EC8060 /* CityList.swift */; };
		99668CAE2298A90C00EC8060 /* WeatherDetailsVC.swift in Sources */ = {isa = PBXBuildFile; fileRef = 99668CAD2298A90C00EC8060 /* WeatherDetailsVC.swift */; };
		99668CB02298AA0900EC8060 /* WeatherMainDetailCell.swift in Sources */ = {isa = PBXBuildFile; fileRef = 99668CAF2298AA0900EC8060 /* WeatherMainDetailCell.swift */; };
		99668CB22298AA2800EC8060 /* WeatherForecastCell.swift in Sources */ = {isa = PBXBuildFile; fileRef = 99668CB12298AA2800EC8060 /* WeatherForecastCell.swift */; };
		99668CB82299C96F00EC8060 /* URLDataRetriving.swift in Sources */ = {isa = PBXBuildFile; fileRef = 99668CB72299C96F00EC8060 /* URLDataRetriving.swift */; };
		99668CBA2299CA8000EC8060 /* City.swift in Sources */ = {isa = PBXBuildFile; fileRef = 99668CB92299CA8000EC8060 /* City.swift */; };
		99668CC7229A280D00EC8060 /* CoreLocation.framework in Frameworks */ = {isa = PBXBuildFile; fileRef = 99668CC6229A280D00EC8060 /* CoreLocation.framework */; };
/* End PBXBuildFile section */

/* Begin PBXFileReference section */
		9953D6E32298614600ED6AFC /* Weather.app */ = {isa = PBXFileReference; explicitFileType = wrapper.application; includeInIndex = 0; path = Weather.app; sourceTree = BUILT_PRODUCTS_DIR; };
		9953D6E62298614600ED6AFC /* AppDelegate.swift */ = {isa = PBXFileReference; lastKnownFileType = sourcecode.swift; path = AppDelegate.swift; sourceTree = "<group>"; };
		9953D6EB2298614600ED6AFC /* Base */ = {isa = PBXFileReference; lastKnownFileType = file.storyboard; name = Base; path = Base.lproj/Main.storyboard; sourceTree = "<group>"; };
		9953D6ED2298615000ED6AFC /* Assets.xcassets */ = {isa = PBXFileReference; lastKnownFileType = folder.assetcatalog; path = Assets.xcassets; sourceTree = "<group>"; };
		9953D6F02298615000ED6AFC /* Base */ = {isa = PBXFileReference; lastKnownFileType = file.storyboard; name = Base; path = Base.lproj/LaunchScreen.storyboard; sourceTree = "<group>"; };
		9953D6F22298615000ED6AFC /* Info.plist */ = {isa = PBXFileReference; lastKnownFileType = text.plist.xml; path = Info.plist; sourceTree = "<group>"; };
		99668CA722988F2700EC8060 /* CityListVC.swift */ = {isa = PBXFileReference; lastKnownFileType = sourcecode.swift; path = CityListVC.swift; sourceTree = "<group>"; };
		99668CA92298920300EC8060 /* CityListCell.swift */ = {isa = PBXFileReference; lastKnownFileType = sourcecode.swift; path = CityListCell.swift; sourceTree = "<group>"; };
		99668CAB22989E6F00EC8060 /* CityList.swift */ = {isa = PBXFileReference; lastKnownFileType = sourcecode.swift; path = CityList.swift; sourceTree = "<group>"; };
		99668CAD2298A90C00EC8060 /* WeatherDetailsVC.swift */ = {isa = PBXFileReference; lastKnownFileType = sourcecode.swift; path = WeatherDetailsVC.swift; sourceTree = "<group>"; };
		99668CAF2298AA0900EC8060 /* WeatherMainDetailCell.swift */ = {isa = PBXFileReference; lastKnownFileType = sourcecode.swift; path = WeatherMainDetailCell.swift; sourceTree = "<group>"; };
		99668CB12298AA2800EC8060 /* WeatherForecastCell.swift */ = {isa = PBXFileReference; lastKnownFileType = sourcecode.swift; path = WeatherForecastCell.swift; sourceTree = "<group>"; };
		99668CB72299C96F00EC8060 /* URLDataRetriving.swift */ = {isa = PBXFileReference; lastKnownFileType = sourcecode.swift; path = URLDataRetriving.swift; sourceTree = "<group>"; };
		99668CB92299CA8000EC8060 /* City.swift */ = {isa = PBXFileReference; lastKnownFileType = sourcecode.swift; path = City.swift; sourceTree = "<group>"; };
		99668CC6229A280D00EC8060 /* CoreLocation.framework */ = {isa = PBXFileReference; lastKnownFileType = wrapper.framework; name = CoreLocation.framework; path = System/Library/Frameworks/CoreLocation.framework; sourceTree = SDKROOT; };
/* End PBXFileReference section */

/* Begin PBXFrameworksBuildPhase section */
		9953D6E02298614600ED6AFC /* Frameworks */ = {
			isa = PBXFrameworksBuildPhase;
			buildActionMask = 2147483647;
			files = (
				99668CC7229A280D00EC8060 /* CoreLocation.framework in Frameworks */,
			);
			runOnlyForDeploymentPostprocessing = 0;
		};
/* End PBXFrameworksBuildPhase section */

/* Begin PBXGroup section */
		9953D6DA2298614600ED6AFC = {
			isa = PBXGroup;
			children = (
				9953D6E52298614600ED6AFC /* Weather */,
				9953D6E42298614600ED6AFC /* Products */,
				99668CC5229A280D00EC8060 /* Frameworks */,
			);
			sourceTree = "<group>";
		};
		9953D6E42298614600ED6AFC /* Products */ = {
			isa = PBXGroup;
			children = (
				9953D6E32298614600ED6AFC /* Weather.app */,
			);
			name = Products;
			sourceTree = "<group>";
		};
		9953D6E52298614600ED6AFC /* Weather */ = {
			isa = PBXGroup;
			children = (
				99668C9B229885C100EC8060 /* Classes */,
				99668C9C229885CB00EC8060 /* Support */,
				9953D6ED2298615000ED6AFC /* Assets.xcassets */,
				9953D6F22298615000ED6AFC /* Info.plist */,
			);
			path = Weather;
			sourceTree = "<group>";
		};
		99668C9B229885C100EC8060 /* Classes */ = {
			isa = PBXGroup;
			children = (
				99668CA022988C9900EC8060 /* Common */,
				99668C9D22988C4000EC8060 /* Module */,
			);
			path = Classes;
			sourceTree = "<group>";
		};
		99668C9C229885CB00EC8060 /* Support */ = {
			isa = PBXGroup;
			children = (
				9953D6E62298614600ED6AFC /* AppDelegate.swift */,
				9953D6EA2298614600ED6AFC /* Main.storyboard */,
				9953D6EF2298615000ED6AFC /* LaunchScreen.storyboard */,
			);
			path = Support;
			sourceTree = "<group>";
		};
		99668C9D22988C4000EC8060 /* Module */ = {
			isa = PBXGroup;
			children = (
				99668C9E22988C6500EC8060 /* CityList */,
				99668C9F22988C6E00EC8060 /* WeatherDetails */,
			);
			path = Module;
			sourceTree = "<group>";
		};
		99668C9E22988C6500EC8060 /* CityList */ = {
			isa = PBXGroup;
			children = (
				99668CA322988DFB00EC8060 /* ViewController */,
				99668CA222988DEF00EC8060 /* ViewModel */,
			);
			path = CityList;
			sourceTree = "<group>";
		};
		99668C9F22988C6E00EC8060 /* WeatherDetails */ = {
			isa = PBXGroup;
			children = (
				99668CA622988E4700EC8060 /* ViewController */,
				99668CA422988E0E00EC8060 /* ViewModel */,
			);
			path = WeatherDetails;
			sourceTree = "<group>";
		};
		99668CA022988C9900EC8060 /* Common */ = {
			isa = PBXGroup;
			children = (
				99668CB72299C96F00EC8060 /* URLDataRetriving.swift */,
				99668CA122988CE700EC8060 /* Model */,
			);
			path = Common;
			sourceTree = "<group>";
		};
		99668CA122988CE700EC8060 /* Model */ = {
			isa = PBXGroup;
			children = (
				99668CB92299CA8000EC8060 /* City.swift */,
			);
			path = Model;
			sourceTree = "<group>";
		};
		99668CA222988DEF00EC8060 /* ViewModel */ = {
			isa = PBXGroup;
			children = (
				99668CAB22989E6F00EC8060 /* CityList.swift */,
				99668CA92298920300EC8060 /* CityListCell.swift */,
			);
			path = ViewModel;
			sourceTree = "<group>";
		};
		99668CA322988DFB00EC8060 /* ViewController */ = {
			isa = PBXGroup;
			children = (
				99668CA722988F2700EC8060 /* CityListVC.swift */,
			);
			path = ViewController;
			sourceTree = "<group>";
		};
		99668CA422988E0E00EC8060 /* ViewModel */ = {
			isa = PBXGroup;
			children = (
				99668CAF2298AA0900EC8060 /* WeatherMainDetailCell.swift */,
				99668CB12298AA2800EC8060 /* WeatherForecastCell.swift */,
			);
			path = ViewModel;
			sourceTree = "<group>";
		};
		99668CA622988E4700EC8060 /* ViewController */ = {
			isa = PBXGroup;
			children = (
				99668CAD2298A90C00EC8060 /* WeatherDetailsVC.swift */,
			);
			path = ViewController;
			sourceTree = "<group>";
		};
		99668CC5229A280D00EC8060 /* Frameworks */ = {
			isa = PBXGroup;
			children = (
				99668CC6229A280D00EC8060 /* CoreLocation.framework */,
			);
			name = Frameworks;
			sourceTree = "<group>";
		};
/* End PBXGroup section */

/* Begin PBXNativeTarget section */
		9953D6E22298614600ED6AFC /* Weather */ = {
			isa = PBXNativeTarget;
			buildConfigurationList = 9953D6F52298615000ED6AFC /* Build configuration list for PBXNativeTarget "Weather" */;
			buildPhases = (
				9953D6DF2298614600ED6AFC /* Sources */,
				9953D6E02298614600ED6AFC /* Frameworks */,
				9953D6E12298614600ED6AFC /* Resources */,
			);
			buildRules = (
			);
			dependencies = (
			);
			name = Weather;
			productName = Weather;
			productReference = 9953D6E32298614600ED6AFC /* Weather.app */;
			productType = "com.apple.product-type.application";
		};
/* End PBXNativeTarget section */

/* Begin PBXProject section */
		9953D6DB2298614600ED6AFC /* Project object */ = {
			isa = PBXProject;
			attributes = {
				LastSwiftUpdateCheck = 1020;
				LastUpgradeCheck = 1020;
				ORGANIZATIONNAME = "Nilay Padsala";
				TargetAttributes = {
					9953D6E22298614600ED6AFC = {
						CreatedOnToolsVersion = 10.2.1;
					};
				};
			};
			buildConfigurationList = 9953D6DE2298614600ED6AFC /* Build configuration list for PBXProject "Weather" */;
			compatibilityVersion = "Xcode 9.3";
			developmentRegion = en;
			hasScannedForEncodings = 0;
			knownRegions = (
				en,
				Base,
			);
			mainGroup = 9953D6DA2298614600ED6AFC;
			productRefGroup = 9953D6E42298614600ED6AFC /* Products */;
			projectDirPath = "";
			projectRoot = "";
			targets = (
				9953D6E22298614600ED6AFC /* Weather */,
			);
		};
/* End PBXProject section */

/* Begin PBXResourcesBuildPhase section */
		9953D6E12298614600ED6AFC /* Resources */ = {
			isa = PBXResourcesBuildPhase;
			buildActionMask = 2147483647;
			files = (
				9953D6F12298615000ED6AFC /* LaunchScreen.storyboard in Resources */,
				9953D6EE2298615000ED6AFC /* Assets.xcassets in Resources */,
				9953D6EC2298614600ED6AFC /* Main.storyboard in Resources */,
			);
			runOnlyForDeploymentPostprocessing = 0;
		};
/* End PBXResourcesBuildPhase section */

/* Begin PBXSourcesBuildPhase section */
		9953D6DF2298614600ED6AFC /* Sources */ = {
			isa = PBXSourcesBuildPhase;
			buildActionMask = 2147483647;
			files = (
				9953D6E72298614600ED6AFC /* AppDelegate.swift in Sources */,
				99668CA822988F2700EC8060 /* CityListVC.swift in Sources */,
				99668CBA2299CA8000EC8060 /* City.swift in Sources */,
				99668CB22298AA2800EC8060 /* WeatherForecastCell.swift in Sources */,
				99668CB02298AA0900EC8060 /* WeatherMainDetailCell.swift in Sources */,
				99668CAC22989E6F00EC8060 /* CityList.swift in Sources */,
				99668CAE2298A90C00EC8060 /* WeatherDetailsVC.swift in Sources */,
				99668CAA2298920300EC8060 /* CityListCell.swift in Sources */,
				99668CB82299C96F00EC8060 /* URLDataRetriving.swift in Sources */,
			);
			runOnlyForDeploymentPostprocessing = 0;
		};
/* End PBXSourcesBuildPhase section */

/* Begin PBXVariantGroup section */
		9953D6EA2298614600ED6AFC /* Main.storyboard */ = {
			isa = PBXVariantGroup;
			children = (
				9953D6EB2298614600ED6AFC /* Base */,
			);
			name = Main.storyboard;
			sourceTree = "<group>";
		};
		9953D6EF2298615000ED6AFC /* LaunchScreen.storyboard */ = {
			isa = PBXVariantGroup;
			children = (
				9953D6F02298615000ED6AFC /* Base */,
			);
			name = LaunchScreen.storyboard;
			sourceTree = "<group>";
		};
/* End PBXVariantGroup section */

/* Begin XCBuildConfiguration section */
		9953D6F32298615000ED6AFC /* Debug */ = {
			isa = XCBuildConfiguration;
			buildSettings = {
				ALWAYS_SEARCH_USER_PATHS = NO;
				CLANG_ANALYZER_NONNULL = YES;
				CLANG_ANALYZER_NUMBER_OBJECT_CONVERSION = YES_AGGRESSIVE;
				CLANG_CXX_LANGUAGE_STANDARD = "gnu++14";
				CLANG_CXX_LIBRARY = "libc++";
				CLANG_ENABLE_MODULES = YES;
				CLANG_ENABLE_OBJC_ARC = YES;
				CLANG_ENABLE_OBJC_WEAK = YES;
				CLANG_WARN_BLOCK_CAPTURE_AUTORELEASING = YES;
				CLANG_WARN_BOOL_CONVERSION = YES;
				CLANG_WARN_COMMA = YES;
				CLANG_WARN_CONSTANT_CONVERSION = YES;
				CLANG_WARN_DEPRECATED_OBJC_IMPLEMENTATIONS = YES;
				CLANG_WARN_DIRECT_OBJC_ISA_USAGE = YES_ERROR;
				CLANG_WARN_DOCUMENTATION_COMMENTS = YES;
				CLANG_WARN_EMPTY_BODY = YES;
				CLANG_WARN_ENUM_CONVERSION = YES;
				CLANG_WARN_INFINITE_RECURSION = YES;
				CLANG_WARN_INT_CONVERSION = YES;
				CLANG_WARN_NON_LITERAL_NULL_CONVERSION = YES;
				CLANG_WARN_OBJC_IMPLICIT_RETAIN_SELF = YES;
				CLANG_WARN_OBJC_LITERAL_CONVERSION = YES;
				CLANG_WARN_OBJC_ROOT_CLASS = YES_ERROR;
				CLANG_WARN_RANGE_LOOP_ANALYSIS = YES;
				CLANG_WARN_STRICT_PROTOTYPES = YES;
				CLANG_WARN_SUSPICIOUS_MOVE = YES;
				CLANG_WARN_UNGUARDED_AVAILABILITY = YES_AGGRESSIVE;
				CLANG_WARN_UNREACHABLE_CODE = YES;
				CLANG_WARN__DUPLICATE_METHOD_MATCH = YES;
				CODE_SIGN_IDENTITY = "iPhone Developer";
				COPY_PHASE_STRIP = NO;
				DEBUG_INFORMATION_FORMAT = dwarf;
				ENABLE_STRICT_OBJC_MSGSEND = YES;
				ENABLE_TESTABILITY = YES;
				GCC_C_LANGUAGE_STANDARD = gnu11;
				GCC_DYNAMIC_NO_PIC = NO;
				GCC_NO_COMMON_BLOCKS = YES;
				GCC_OPTIMIZATION_LEVEL = 0;
				GCC_PREPROCESSOR_DEFINITIONS = (
					"DEBUG=1",
					"$(inherited)",
				);
				GCC_WARN_64_TO_32_BIT_CONVERSION = YES;
				GCC_WARN_ABOUT_RETURN_TYPE = YES_ERROR;
				GCC_WARN_UNDECLARED_SELECTOR = YES;
				GCC_WARN_UNINITIALIZED_AUTOS = YES_AGGRESSIVE;
				GCC_WARN_UNUSED_FUNCTION = YES;
				GCC_WARN_UNUSED_VARIABLE = YES;
				IPHONEOS_DEPLOYMENT_TARGET = 12.2;
				MTL_ENABLE_DEBUG_INFO = INCLUDE_SOURCE;
				MTL_FAST_MATH = YES;
				ONLY_ACTIVE_ARCH = YES;
				SDKROOT = iphoneos;
				SWIFT_ACTIVE_COMPILATION_CONDITIONS = DEBUG;
				SWIFT_OPTIMIZATION_LEVEL = "-Onone";
			};
			name = Debug;
		};
		9953D6F42298615000ED6AFC /* Release */ = {
			isa = XCBuildConfiguration;
			buildSettings = {
				ALWAYS_SEARCH_USER_PATHS = NO;
				CLANG_ANALYZER_NONNULL = YES;
				CLANG_ANALYZER_NUMBER_OBJECT_CONVERSION = YES_AGGRESSIVE;
				CLANG_CXX_LANGUAGE_STANDARD = "gnu++14";
				CLANG_CXX_LIBRARY = "libc++";
				CLANG_ENABLE_MODULES = YES;
				CLANG_ENABLE_OBJC_ARC = YES;
				CLANG_ENABLE_OBJC_WEAK = YES;
				CLANG_WARN_BLOCK_CAPTURE_AUTORELEASING = YES;
				CLANG_WARN_BOOL_CONVERSION = YES;
				CLANG_WARN_COMMA = YES;
				CLANG_WARN_CONSTANT_CONVERSION = YES;
				CLANG_WARN_DEPRECATED_OBJC_IMPLEMENTATIONS = YES;
				CLANG_WARN_DIRECT_OBJC_ISA_USAGE = YES_ERROR;
				CLANG_WARN_DOCUMENTATION_COMMENTS = YES;
				CLANG_WARN_EMPTY_BODY = YES;
				CLANG_WARN_ENUM_CONVERSION = YES;
				CLANG_WARN_INFINITE_RECURSION = YES;
				CLANG_WARN_INT_CONVERSION = YES;
				CLANG_WARN_NON_LITERAL_NULL_CONVERSION = YES;
				CLANG_WARN_OBJC_IMPLICIT_RETAIN_SELF = YES;
				CLANG_WARN_OBJC_LITERAL_CONVERSION = YES;
				CLANG_WARN_OBJC_ROOT_CLASS = YES_ERROR;
				CLANG_WARN_RANGE_LOOP_ANALYSIS = YES;
				CLANG_WARN_STRICT_PROTOTYPES = YES;
				CLANG_WARN_SUSPICIOUS_MOVE = YES;
				CLANG_WARN_UNGUARDED_AVAILABILITY = YES_AGGRESSIVE;
				CLANG_WARN_UNREACHABLE_CODE = YES;
				CLANG_WARN__DUPLICATE_METHOD_MATCH = YES;
				CODE_SIGN_IDENTITY = "iPhone Developer";
				COPY_PHASE_STRIP = NO;
				DEBUG_INFORMATION_FORMAT = "dwarf-with-dsym";
				ENABLE_NS_ASSERTIONS = NO;
				ENABLE_STRICT_OBJC_MSGSEND = YES;
				GCC_C_LANGUAGE_STANDARD = gnu11;
				GCC_NO_COMMON_BLOCKS = YES;
				GCC_WARN_64_TO_32_BIT_CONVERSION = YES;
				GCC_WARN_ABOUT_RETURN_TYPE = YES_ERROR;
				GCC_WARN_UNDECLARED_SELECTOR = YES;
				GCC_WARN_UNINITIALIZED_AUTOS = YES_AGGRESSIVE;
				GCC_WARN_UNUSED_FUNCTION = YES;
				GCC_WARN_UNUSED_VARIABLE = YES;
				IPHONEOS_DEPLOYMENT_TARGET = 12.2;
				MTL_ENABLE_DEBUG_INFO = NO;
				MTL_FAST_MATH = YES;
				SDKROOT = iphoneos;
				SWIFT_COMPILATION_MODE = wholemodule;
				SWIFT_OPTIMIZATION_LEVEL = "-O";
				VALIDATE_PRODUCT = YES;
			};
			name = Release;
		};
		9953D6F62298615000ED6AFC /* Debug */ = {
			isa = XCBuildConfiguration;
			buildSettings = {
				ASSETCATALOG_COMPILER_APPICON_NAME = AppIcon;
				CODE_SIGN_STYLE = Automatic;
				DEVELOPMENT_TEAM = Z39T27P9LH;
				INFOPLIST_FILE = Weather/Info.plist;
				LD_RUNPATH_SEARCH_PATHS = (
					"$(inherited)",
					"@executable_path/Frameworks",
				);
				PRODUCT_BUNDLE_IDENTIFIER = com.ntech.Weather;
				PRODUCT_NAME = "$(TARGET_NAME)";
				SWIFT_VERSION = 5.0;
				TARGETED_DEVICE_FAMILY = "1,2";
			};
			name = Debug;
		};
		9953D6F72298615000ED6AFC /* Release */ = {
			isa = XCBuildConfiguration;
			buildSettings = {
				ASSETCATALOG_COMPILER_APPICON_NAME = AppIcon;
				CODE_SIGN_STYLE = Automatic;
				DEVELOPMENT_TEAM = Z39T27P9LH;
				INFOPLIST_FILE = Weather/Info.plist;
				LD_RUNPATH_SEARCH_PATHS = (
					"$(inherited)",
					"@executable_path/Frameworks",
				);
				PRODUCT_BUNDLE_IDENTIFIER = com.ntech.Weather;
				PRODUCT_NAME = "$(TARGET_NAME)";
				SWIFT_VERSION = 5.0;
				TARGETED_DEVICE_FAMILY = "1,2";
			};
			name = Release;
		};
/* End XCBuildConfiguration section */

/* Begin XCConfigurationList section */
		9953D6DE2298614600ED6AFC /* Build configuration list for PBXProject "Weather" */ = {
			isa = XCConfigurationList;
			buildConfigurations = (
				9953D6F32298615000ED6AFC /* Debug */,
				9953D6F42298615000ED6AFC /* Release */,
			);
			defaultConfigurationIsVisible = 0;
			defaultConfigurationName = Release;
		};
		9953D6F52298615000ED6AFC /* Build configuration list for PBXNativeTarget "Weather" */ = {
			isa = XCConfigurationList;
			buildConfigurations = (
				9953D6F62298615000ED6AFC /* Debug */,
				9953D6F72298615000ED6AFC /* Release */,
			);
			defaultConfigurationIsVisible = 0;
			defaultConfigurationName = Release;
		};
/* End XCConfigurationList section */
	};
	rootObject = 9953D6DB2298614600ED6AFC /* Project object */;
}
